// !$*UTF8*$!
{
	archiveVersion = 1;
	classes = {
	};
	objectVersion = 50;
	objects = {

/* Begin PBXBuildFile section */
		A64E161026F857A9007D7D39 /* VideoPlayerView.swift in Sources */ = {isa = PBXBuildFile; fileRef = A64E160F26F857A9007D7D39 /* VideoPlayerView.swift */; };
		A662F6B726F820D3005EAF2C /* HeadingView.swift in Sources */ = {isa = PBXBuildFile; fileRef = A662F6B626F820D3005EAF2C /* HeadingView.swift */; };
		A662F6B926F821E7005EAF2C /* InsetGalleryview.swift in Sources */ = {isa = PBXBuildFile; fileRef = A662F6B826F821E7005EAF2C /* InsetGalleryview.swift */; };
		A662F6BB26F829FC005EAF2C /* InsetFactView.swift in Sources */ = {isa = PBXBuildFile; fileRef = A662F6BA26F829FC005EAF2C /* InsetFactView.swift */; };
		A662F6BD26F82D69005EAF2C /* InsetMapView.swift in Sources */ = {isa = PBXBuildFile; fileRef = A662F6BC26F82D69005EAF2C /* InsetMapView.swift */; };
		A662F6BF26F83265005EAF2C /* ExternalWeblinkView.swift in Sources */ = {isa = PBXBuildFile; fileRef = A662F6BE26F83265005EAF2C /* ExternalWeblinkView.swift */; };
		A6659EBC26F84D6C0051D671 /* VideoModel.swift in Sources */ = {isa = PBXBuildFile; fileRef = A6659EBB26F84D6C0051D671 /* VideoModel.swift */; };
		A6659EBE26F84E230051D671 /* VideoListItemView.swift in Sources */ = {isa = PBXBuildFile; fileRef = A6659EBD26F84E230051D671 /* VideoListItemView.swift */; };
		A6901FD226F8179E006F7547 /* AnimalListItemView.swift in Sources */ = {isa = PBXBuildFile; fileRef = A6901FD126F8179E006F7547 /* AnimalListItemView.swift */; };
		A6901FD426F819B4006F7547 /* AnimalModel.swift in Sources */ = {isa = PBXBuildFile; fileRef = A6901FD326F819B4006F7547 /* AnimalModel.swift */; };
		A6901FD626F81D9A006F7547 /* AnimalDetailView.swift in Sources */ = {isa = PBXBuildFile; fileRef = A6901FD526F81D9A006F7547 /* AnimalDetailView.swift */; };
		A6E3AA8426F71DD600C1239D /* AfricaApp.swift in Sources */ = {isa = PBXBuildFile; fileRef = A6E3AA8326F71DD600C1239D /* AfricaApp.swift */; };
		A6E3AA8626F71DD600C1239D /* ContentView.swift in Sources */ = {isa = PBXBuildFile; fileRef = A6E3AA8526F71DD600C1239D /* ContentView.swift */; };
		A6E3AA8826F71DD700C1239D /* Assets.xcassets in Resources */ = {isa = PBXBuildFile; fileRef = A6E3AA8726F71DD700C1239D /* Assets.xcassets */; };
		A6E3AA8B26F71DD700C1239D /* Preview Assets.xcassets in Resources */ = {isa = PBXBuildFile; fileRef = A6E3AA8A26F71DD700C1239D /* Preview Assets.xcassets */; };
		A6E3AA9D26F7211700C1239D /* rhino.mp4 in Resources */ = {isa = PBXBuildFile; fileRef = A6E3AA9326F7211200C1239D /* rhino.mp4 */; };
		A6E3AA9E26F7211700C1239D /* hippo.mp4 in Resources */ = {isa = PBXBuildFile; fileRef = A6E3AA9426F7211300C1239D /* hippo.mp4 */; };
		A6E3AA9F26F7211700C1239D /* cheetah.mp4 in Resources */ = {isa = PBXBuildFile; fileRef = A6E3AA9526F7211300C1239D /* cheetah.mp4 */; };
		A6E3AAA026F7211700C1239D /* zebra.mp4 in Resources */ = {isa = PBXBuildFile; fileRef = A6E3AA9626F7211400C1239D /* zebra.mp4 */; };
		A6E3AAA126F7211700C1239D /* gorilla.mp4 in Resources */ = {isa = PBXBuildFile; fileRef = A6E3AA9726F7211500C1239D /* gorilla.mp4 */; };
		A6E3AAA226F7211700C1239D /* lion.mp4 in Resources */ = {isa = PBXBuildFile; fileRef = A6E3AA9826F7211500C1239D /* lion.mp4 */; };
		A6E3AAA326F7211700C1239D /* elephant.mp4 in Resources */ = {isa = PBXBuildFile; fileRef = A6E3AA9926F7211600C1239D /* elephant.mp4 */; };
		A6E3AAA426F7211700C1239D /* giraffe.mp4 in Resources */ = {isa = PBXBuildFile; fileRef = A6E3AA9A26F7211600C1239D /* giraffe.mp4 */; };
		A6E3AAA526F7211700C1239D /* lioness.mp4 in Resources */ = {isa = PBXBuildFile; fileRef = A6E3AA9B26F7211700C1239D /* lioness.mp4 */; };
		A6E3AAA626F7211700C1239D /* ostrich.mp4 in Resources */ = {isa = PBXBuildFile; fileRef = A6E3AA9C26F7211700C1239D /* ostrich.mp4 */; };
		A6E3AAAC26F7217300C1239D /* locations.json in Resources */ = {isa = PBXBuildFile; fileRef = A6E3AAA826F7217300C1239D /* locations.json */; };
		A6E3AAAD26F7217300C1239D /* animals.json in Resources */ = {isa = PBXBuildFile; fileRef = A6E3AAA926F7217300C1239D /* animals.json */; };
		A6E3AAAE26F7217300C1239D /* covers.json in Resources */ = {isa = PBXBuildFile; fileRef = A6E3AAAA26F7217300C1239D /* covers.json */; };
		A6E3AAAF26F7217300C1239D /* videos.json in Resources */ = {isa = PBXBuildFile; fileRef = A6E3AAAB26F7217300C1239D /* videos.json */; };
		A6E3AAB226F723FB00C1239D /* VideoListView.swift in Sources */ = {isa = PBXBuildFile; fileRef = A6E3AAB126F723FB00C1239D /* VideoListView.swift */; };
		A6E3AAB426F7241900C1239D /* MapView.swift in Sources */ = {isa = PBXBuildFile; fileRef = A6E3AAB326F7241900C1239D /* MapView.swift */; };
		A6E3AAB626F7243600C1239D /* GalleryView.swift in Sources */ = {isa = PBXBuildFile; fileRef = A6E3AAB526F7243600C1239D /* GalleryView.swift */; };
		A6E3AAB826F7244E00C1239D /* MainView.swift in Sources */ = {isa = PBXBuildFile; fileRef = A6E3AAB726F7244E00C1239D /* MainView.swift */; };
		A6E3AABB26F729CE00C1239D /* CoverImageView.swift in Sources */ = {isa = PBXBuildFile; fileRef = A6E3AABA26F729CE00C1239D /* CoverImageView.swift */; };
		A6E3AABE26F72C9000C1239D /* CoverImageModel.swift in Sources */ = {isa = PBXBuildFile; fileRef = A6E3AABD26F72C9000C1239D /* CoverImageModel.swift */; };
		A6E3AAC126F72E6400C1239D /* CodableBundleExtension.swift in Sources */ = {isa = PBXBuildFile; fileRef = A6E3AAC026F72E6400C1239D /* CodableBundleExtension.swift */; };
/* End PBXBuildFile section */

/* Begin PBXFileReference section */
		A64E160F26F857A9007D7D39 /* VideoPlayerView.swift */ = {isa = PBXFileReference; lastKnownFileType = sourcecode.swift; path = VideoPlayerView.swift; sourceTree = "<group>"; };
		A662F6B626F820D3005EAF2C /* HeadingView.swift */ = {isa = PBXFileReference; lastKnownFileType = sourcecode.swift; path = HeadingView.swift; sourceTree = "<group>"; };
		A662F6B826F821E7005EAF2C /* InsetGalleryview.swift */ = {isa = PBXFileReference; lastKnownFileType = sourcecode.swift; path = InsetGalleryview.swift; sourceTree = "<group>"; };
		A662F6BA26F829FC005EAF2C /* InsetFactView.swift */ = {isa = PBXFileReference; lastKnownFileType = sourcecode.swift; path = InsetFactView.swift; sourceTree = "<group>"; };
		A662F6BC26F82D69005EAF2C /* InsetMapView.swift */ = {isa = PBXFileReference; lastKnownFileType = sourcecode.swift; path = InsetMapView.swift; sourceTree = "<group>"; };
		A662F6BE26F83265005EAF2C /* ExternalWeblinkView.swift */ = {isa = PBXFileReference; lastKnownFileType = sourcecode.swift; path = ExternalWeblinkView.swift; sourceTree = "<group>"; };
		A6659EBB26F84D6C0051D671 /* VideoModel.swift */ = {isa = PBXFileReference; lastKnownFileType = sourcecode.swift; path = VideoModel.swift; sourceTree = "<group>"; };
		A6659EBD26F84E230051D671 /* VideoListItemView.swift */ = {isa = PBXFileReference; lastKnownFileType = sourcecode.swift; path = VideoListItemView.swift; sourceTree = "<group>"; };
		A6901FD126F8179E006F7547 /* AnimalListItemView.swift */ = {isa = PBXFileReference; lastKnownFileType = sourcecode.swift; path = AnimalListItemView.swift; sourceTree = "<group>"; };
		A6901FD326F819B4006F7547 /* AnimalModel.swift */ = {isa = PBXFileReference; lastKnownFileType = sourcecode.swift; path = AnimalModel.swift; sourceTree = "<group>"; };
		A6901FD526F81D9A006F7547 /* AnimalDetailView.swift */ = {isa = PBXFileReference; lastKnownFileType = sourcecode.swift; path = AnimalDetailView.swift; sourceTree = "<group>"; };
		A6E3AA8026F71DD600C1239D /* Africa.app */ = {isa = PBXFileReference; explicitFileType = wrapper.application; includeInIndex = 0; path = Africa.app; sourceTree = BUILT_PRODUCTS_DIR; };
		A6E3AA8326F71DD600C1239D /* AfricaApp.swift */ = {isa = PBXFileReference; lastKnownFileType = sourcecode.swift; path = AfricaApp.swift; sourceTree = "<group>"; };
		A6E3AA8526F71DD600C1239D /* ContentView.swift */ = {isa = PBXFileReference; lastKnownFileType = sourcecode.swift; path = ContentView.swift; sourceTree = "<group>"; };
		A6E3AA8726F71DD700C1239D /* Assets.xcassets */ = {isa = PBXFileReference; lastKnownFileType = folder.assetcatalog; path = Assets.xcassets; sourceTree = "<group>"; };
		A6E3AA8A26F71DD700C1239D /* Preview Assets.xcassets */ = {isa = PBXFileReference; lastKnownFileType = folder.assetcatalog; path = "Preview Assets.xcassets"; sourceTree = "<group>"; };
		A6E3AA8C26F71DD700C1239D /* Info.plist */ = {isa = PBXFileReference; lastKnownFileType = text.plist.xml; path = Info.plist; sourceTree = "<group>"; };
		A6E3AA9326F7211200C1239D /* rhino.mp4 */ = {isa = PBXFileReference; lastKnownFileType = file; path = rhino.mp4; sourceTree = "<group>"; };
		A6E3AA9426F7211300C1239D /* hippo.mp4 */ = {isa = PBXFileReference; lastKnownFileType = file; path = hippo.mp4; sourceTree = "<group>"; };
		A6E3AA9526F7211300C1239D /* cheetah.mp4 */ = {isa = PBXFileReference; lastKnownFileType = file; path = cheetah.mp4; sourceTree = "<group>"; };
		A6E3AA9626F7211400C1239D /* zebra.mp4 */ = {isa = PBXFileReference; lastKnownFileType = file; path = zebra.mp4; sourceTree = "<group>"; };
		A6E3AA9726F7211500C1239D /* gorilla.mp4 */ = {isa = PBXFileReference; lastKnownFileType = file; path = gorilla.mp4; sourceTree = "<group>"; };
		A6E3AA9826F7211500C1239D /* lion.mp4 */ = {isa = PBXFileReference; lastKnownFileType = file; path = lion.mp4; sourceTree = "<group>"; };
		A6E3AA9926F7211600C1239D /* elephant.mp4 */ = {isa = PBXFileReference; lastKnownFileType = file; path = elephant.mp4; sourceTree = "<group>"; };
		A6E3AA9A26F7211600C1239D /* giraffe.mp4 */ = {isa = PBXFileReference; lastKnownFileType = file; path = giraffe.mp4; sourceTree = "<group>"; };
		A6E3AA9B26F7211700C1239D /* lioness.mp4 */ = {isa = PBXFileReference; lastKnownFileType = file; path = lioness.mp4; sourceTree = "<group>"; };
		A6E3AA9C26F7211700C1239D /* ostrich.mp4 */ = {isa = PBXFileReference; lastKnownFileType = file; path = ostrich.mp4; sourceTree = "<group>"; };
		A6E3AAA826F7217300C1239D /* locations.json */ = {isa = PBXFileReference; fileEncoding = 4; lastKnownFileType = text.json; path = locations.json; sourceTree = "<group>"; };
		A6E3AAA926F7217300C1239D /* animals.json */ = {isa = PBXFileReference; fileEncoding = 4; lastKnownFileType = text.json; path = animals.json; sourceTree = "<group>"; };
		A6E3AAAA26F7217300C1239D /* covers.json */ = {isa = PBXFileReference; fileEncoding = 4; lastKnownFileType = text.json; path = covers.json; sourceTree = "<group>"; };
		A6E3AAAB26F7217300C1239D /* videos.json */ = {isa = PBXFileReference; fileEncoding = 4; lastKnownFileType = text.json; path = videos.json; sourceTree = "<group>"; };
		A6E3AAB126F723FB00C1239D /* VideoListView.swift */ = {isa = PBXFileReference; lastKnownFileType = sourcecode.swift; path = VideoListView.swift; sourceTree = "<group>"; };
		A6E3AAB326F7241900C1239D /* MapView.swift */ = {isa = PBXFileReference; lastKnownFileType = sourcecode.swift; path = MapView.swift; sourceTree = "<group>"; };
		A6E3AAB526F7243600C1239D /* GalleryView.swift */ = {isa = PBXFileReference; lastKnownFileType = sourcecode.swift; path = GalleryView.swift; sourceTree = "<group>"; };
		A6E3AAB726F7244E00C1239D /* MainView.swift */ = {isa = PBXFileReference; lastKnownFileType = sourcecode.swift; path = MainView.swift; sourceTree = "<group>"; };
		A6E3AABA26F729CE00C1239D /* CoverImageView.swift */ = {isa = PBXFileReference; lastKnownFileType = sourcecode.swift; path = CoverImageView.swift; sourceTree = "<group>"; };
		A6E3AABD26F72C9000C1239D /* CoverImageModel.swift */ = {isa = PBXFileReference; lastKnownFileType = sourcecode.swift; path = CoverImageModel.swift; sourceTree = "<group>"; };
		A6E3AAC026F72E6400C1239D /* CodableBundleExtension.swift */ = {isa = PBXFileReference; lastKnownFileType = sourcecode.swift; path = CodableBundleExtension.swift; sourceTree = "<group>"; };
/* End PBXFileReference section */

/* Begin PBXFrameworksBuildPhase section */
		A6E3AA7D26F71DD600C1239D /* Frameworks */ = {
			isa = PBXFrameworksBuildPhase;
			buildActionMask = 2147483647;
			files = (
			);
			runOnlyForDeploymentPostprocessing = 0;
		};
/* End PBXFrameworksBuildPhase section */

/* Begin PBXGroup section */
		A6E3AA7726F71DD600C1239D = {
			isa = PBXGroup;
			children = (
				A6E3AA8226F71DD600C1239D /* Africa */,
				A6E3AA8126F71DD600C1239D /* Products */,
			);
			sourceTree = "<group>";
		};
		A6E3AA8126F71DD600C1239D /* Products */ = {
			isa = PBXGroup;
			children = (
				A6E3AA8026F71DD600C1239D /* Africa.app */,
			);
			name = Products;
			sourceTree = "<group>";
		};
		A6E3AA8226F71DD600C1239D /* Africa */ = {
			isa = PBXGroup;
			children = (
				A6E3AAB026F723A400C1239D /* App */,
				A6E3AAB926F729BA00C1239D /* View */,
				A6E3AABF26F72E4800C1239D /* Extension */,
				A6E3AABC26F72C7C00C1239D /* Model */,
				A6E3AAA726F7215000C1239D /* Data */,
				A6E3AA9226F720E700C1239D /* Video */,
				A6E3AA8726F71DD700C1239D /* Assets.xcassets */,
				A6E3AA8C26F71DD700C1239D /* Info.plist */,
				A6E3AA8926F71DD700C1239D /* Preview Content */,
			);
			path = Africa;
			sourceTree = "<group>";
		};
		A6E3AA8926F71DD700C1239D /* Preview Content */ = {
			isa = PBXGroup;
			children = (
				A6E3AA8A26F71DD700C1239D /* Preview Assets.xcassets */,
			);
			path = "Preview Content";
			sourceTree = "<group>";
		};
		A6E3AA9226F720E700C1239D /* Video */ = {
			isa = PBXGroup;
			children = (
				A6E3AA9526F7211300C1239D /* cheetah.mp4 */,
				A6E3AA9926F7211600C1239D /* elephant.mp4 */,
				A6E3AA9A26F7211600C1239D /* giraffe.mp4 */,
				A6E3AA9726F7211500C1239D /* gorilla.mp4 */,
				A6E3AA9426F7211300C1239D /* hippo.mp4 */,
				A6E3AA9826F7211500C1239D /* lion.mp4 */,
				A6E3AA9B26F7211700C1239D /* lioness.mp4 */,
				A6E3AA9C26F7211700C1239D /* ostrich.mp4 */,
				A6E3AA9326F7211200C1239D /* rhino.mp4 */,
				A6E3AA9626F7211400C1239D /* zebra.mp4 */,
			);
			path = Video;
			sourceTree = "<group>";
		};
		A6E3AAA726F7215000C1239D /* Data */ = {
			isa = PBXGroup;
			children = (
				A6E3AAA926F7217300C1239D /* animals.json */,
				A6E3AAAA26F7217300C1239D /* covers.json */,
				A6E3AAA826F7217300C1239D /* locations.json */,
				A6E3AAAB26F7217300C1239D /* videos.json */,
			);
			path = Data;
			sourceTree = "<group>";
		};
		A6E3AAB026F723A400C1239D /* App */ = {
			isa = PBXGroup;
			children = (
				A6E3AA8326F71DD600C1239D /* AfricaApp.swift */,
				A6E3AA8526F71DD600C1239D /* ContentView.swift */,
				A6E3AAB126F723FB00C1239D /* VideoListView.swift */,
				A6E3AAB326F7241900C1239D /* MapView.swift */,
				A6E3AAB526F7243600C1239D /* GalleryView.swift */,
				A6E3AAB726F7244E00C1239D /* MainView.swift */,
			);
			path = App;
			sourceTree = "<group>";
		};
		A6E3AAB926F729BA00C1239D /* View */ = {
			isa = PBXGroup;
			children = (
				A6E3AABA26F729CE00C1239D /* CoverImageView.swift */,
				A6901FD126F8179E006F7547 /* AnimalListItemView.swift */,
				A6901FD526F81D9A006F7547 /* AnimalDetailView.swift */,
				A662F6B626F820D3005EAF2C /* HeadingView.swift */,
				A662F6B826F821E7005EAF2C /* InsetGalleryview.swift */,
				A662F6BA26F829FC005EAF2C /* InsetFactView.swift */,
				A662F6BC26F82D69005EAF2C /* InsetMapView.swift */,
				A662F6BE26F83265005EAF2C /* ExternalWeblinkView.swift */,
				A6659EBD26F84E230051D671 /* VideoListItemView.swift */,
				A64E160F26F857A9007D7D39 /* VideoPlayerView.swift */,
			);
			path = View;
			sourceTree = "<group>";
		};
		A6E3AABC26F72C7C00C1239D /* Model */ = {
			isa = PBXGroup;
			children = (
				A6E3AABD26F72C9000C1239D /* CoverImageModel.swift */,
				A6901FD326F819B4006F7547 /* AnimalModel.swift */,
				A6659EBB26F84D6C0051D671 /* VideoModel.swift */,
			);
			path = Model;
			sourceTree = "<group>";
		};
		A6E3AABF26F72E4800C1239D /* Extension */ = {
			isa = PBXGroup;
			children = (
				A6E3AAC026F72E6400C1239D /* CodableBundleExtension.swift */,
			);
			path = Extension;
			sourceTree = "<group>";
		};
/* End PBXGroup section */

/* Begin PBXNativeTarget section */
		A6E3AA7F26F71DD600C1239D /* Africa */ = {
			isa = PBXNativeTarget;
			buildConfigurationList = A6E3AA8F26F71DD700C1239D /* Build configuration list for PBXNativeTarget "Africa" */;
			buildPhases = (
				A6E3AA7C26F71DD600C1239D /* Sources */,
				A6E3AA7D26F71DD600C1239D /* Frameworks */,
				A6E3AA7E26F71DD600C1239D /* Resources */,
			);
			buildRules = (
			);
			dependencies = (
			);
			name = Africa;
			productName = Africa;
			productReference = A6E3AA8026F71DD600C1239D /* Africa.app */;
			productType = "com.apple.product-type.application";
		};
/* End PBXNativeTarget section */

/* Begin PBXProject section */
		A6E3AA7826F71DD600C1239D /* Project object */ = {
			isa = PBXProject;
			attributes = {
				LastSwiftUpdateCheck = 1250;
				LastUpgradeCheck = 1250;
				TargetAttributes = {
					A6E3AA7F26F71DD600C1239D = {
						CreatedOnToolsVersion = 12.5.1;
					};
				};
			};
			buildConfigurationList = A6E3AA7B26F71DD600C1239D /* Build configuration list for PBXProject "Africa" */;
			compatibilityVersion = "Xcode 9.3";
			developmentRegion = en;
			hasScannedForEncodings = 0;
			knownRegions = (
				en,
				Base,
			);
			mainGroup = A6E3AA7726F71DD600C1239D;
			productRefGroup = A6E3AA8126F71DD600C1239D /* Products */;
			projectDirPath = "";
			projectRoot = "";
			targets = (
				A6E3AA7F26F71DD600C1239D /* Africa */,
			);
		};
/* End PBXProject section */

/* Begin PBXResourcesBuildPhase section */
		A6E3AA7E26F71DD600C1239D /* Resources */ = {
			isa = PBXResourcesBuildPhase;
			buildActionMask = 2147483647;
			files = (
				A6E3AAAC26F7217300C1239D /* locations.json in Resources */,
				A6E3AA9E26F7211700C1239D /* hippo.mp4 in Resources */,
				A6E3AAA526F7211700C1239D /* lioness.mp4 in Resources */,
				A6E3AAA226F7211700C1239D /* lion.mp4 in Resources */,
				A6E3AA9F26F7211700C1239D /* cheetah.mp4 in Resources */,
				A6E3AA9D26F7211700C1239D /* rhino.mp4 in Resources */,
				A6E3AAA426F7211700C1239D /* giraffe.mp4 in Resources */,
				A6E3AAAD26F7217300C1239D /* animals.json in Resources */,
				A6E3AAA626F7211700C1239D /* ostrich.mp4 in Resources */,
				A6E3AAA126F7211700C1239D /* gorilla.mp4 in Resources */,
				A6E3AAAE26F7217300C1239D /* covers.json in Resources */,
				A6E3AA8B26F71DD700C1239D /* Preview Assets.xcassets in Resources */,
				A6E3AAA026F7211700C1239D /* zebra.mp4 in Resources */,
				A6E3AAAF26F7217300C1239D /* videos.json in Resources */,
				A6E3AA8826F71DD700C1239D /* Assets.xcassets in Resources */,
				A6E3AAA326F7211700C1239D /* elephant.mp4 in Resources */,
			);
			runOnlyForDeploymentPostprocessing = 0;
		};
/* End PBXResourcesBuildPhase section */

/* Begin PBXSourcesBuildPhase section */
		A6E3AA7C26F71DD600C1239D /* Sources */ = {
			isa = PBXSourcesBuildPhase;
			buildActionMask = 2147483647;
			files = (
				A662F6BF26F83265005EAF2C /* ExternalWeblinkView.swift in Sources */,
				A6E3AA8626F71DD600C1239D /* ContentView.swift in Sources */,
				A6901FD226F8179E006F7547 /* AnimalListItemView.swift in Sources */,
				A6E3AAB826F7244E00C1239D /* MainView.swift in Sources */,
				A662F6BB26F829FC005EAF2C /* InsetFactView.swift in Sources */,
				A6E3AABB26F729CE00C1239D /* CoverImageView.swift in Sources */,
				A6E3AABE26F72C9000C1239D /* CoverImageModel.swift in Sources */,
				A6901FD626F81D9A006F7547 /* AnimalDetailView.swift in Sources */,
				A6901FD426F819B4006F7547 /* AnimalModel.swift in Sources */,
				A6E3AAB426F7241900C1239D /* MapView.swift in Sources */,
				A662F6BD26F82D69005EAF2C /* InsetMapView.swift in Sources */,
				A6E3AA8426F71DD600C1239D /* AfricaApp.swift in Sources */,
				A6E3AAB226F723FB00C1239D /* VideoListView.swift in Sources */,
				A6659EBC26F84D6C0051D671 /* VideoModel.swift in Sources */,
				A6E3AAB626F7243600C1239D /* GalleryView.swift in Sources */,
				A662F6B926F821E7005EAF2C /* InsetGalleryview.swift in Sources */,
				A6659EBE26F84E230051D671 /* VideoListItemView.swift in Sources */,
				A6E3AAC126F72E6400C1239D /* CodableBundleExtension.swift in Sources */,
				A662F6B726F820D3005EAF2C /* HeadingView.swift in Sources */,
				A64E161026F857A9007D7D39 /* VideoPlayerView.swift in Sources */,
			);
			runOnlyForDeploymentPostprocessing = 0;
		};
/* End PBXSourcesBuildPhase section */

/* Begin XCBuildConfiguration section */
		A6E3AA8D26F71DD700C1239D /* Debug */ = {
			isa = XCBuildConfiguration;
			buildSettings = {
				ALWAYS_SEARCH_USER_PATHS = NO;
				CLANG_ANALYZER_NONNULL = YES;
				CLANG_ANALYZER_NUMBER_OBJECT_CONVERSION = YES_AGGRESSIVE;
				CLANG_CXX_LANGUAGE_STANDARD = "gnu++14";
				CLANG_CXX_LIBRARY = "libc++";
				CLANG_ENABLE_MODULES = YES;
				CLANG_ENABLE_OBJC_ARC = YES;
				CLANG_ENABLE_OBJC_WEAK = YES;
				CLANG_WARN_BLOCK_CAPTURE_AUTORELEASING = YES;
				CLANG_WARN_BOOL_CONVERSION = YES;
				CLANG_WARN_COMMA = YES;
				CLANG_WARN_CONSTANT_CONVERSION = YES;
				CLANG_WARN_DEPRECATED_OBJC_IMPLEMENTATIONS = YES;
				CLANG_WARN_DIRECT_OBJC_ISA_USAGE = YES_ERROR;
				CLANG_WARN_DOCUMENTATION_COMMENTS = YES;
				CLANG_WARN_EMPTY_BODY = YES;
				CLANG_WARN_ENUM_CONVERSION = YES;
				CLANG_WARN_INFINITE_RECURSION = YES;
				CLANG_WARN_INT_CONVERSION = YES;
				CLANG_WARN_NON_LITERAL_NULL_CONVERSION = YES;
				CLANG_WARN_OBJC_IMPLICIT_RETAIN_SELF = YES;
				CLANG_WARN_OBJC_LITERAL_CONVERSION = YES;
				CLANG_WARN_OBJC_ROOT_CLASS = YES_ERROR;
				CLANG_WARN_QUOTED_INCLUDE_IN_FRAMEWORK_HEADER = YES;
				CLANG_WARN_RANGE_LOOP_ANALYSIS = YES;
				CLANG_WARN_STRICT_PROTOTYPES = YES;
				CLANG_WARN_SUSPICIOUS_MOVE = YES;
				CLANG_WARN_UNGUARDED_AVAILABILITY = YES_AGGRESSIVE;
				CLANG_WARN_UNREACHABLE_CODE = YES;
				CLANG_WARN__DUPLICATE_METHOD_MATCH = YES;
				COPY_PHASE_STRIP = NO;
				DEBUG_INFORMATION_FORMAT = dwarf;
				ENABLE_STRICT_OBJC_MSGSEND = YES;
				ENABLE_TESTABILITY = YES;
				GCC_C_LANGUAGE_STANDARD = gnu11;
				GCC_DYNAMIC_NO_PIC = NO;
				GCC_NO_COMMON_BLOCKS = YES;
				GCC_OPTIMIZATION_LEVEL = 0;
				GCC_PREPROCESSOR_DEFINITIONS = (
					"DEBUG=1",
					"$(inherited)",
				);
				GCC_WARN_64_TO_32_BIT_CONVERSION = YES;
				GCC_WARN_ABOUT_RETURN_TYPE = YES_ERROR;
				GCC_WARN_UNDECLARED_SELECTOR = YES;
				GCC_WARN_UNINITIALIZED_AUTOS = YES_AGGRESSIVE;
				GCC_WARN_UNUSED_FUNCTION = YES;
				GCC_WARN_UNUSED_VARIABLE = YES;
				IPHONEOS_DEPLOYMENT_TARGET = 14.5;
				MTL_ENABLE_DEBUG_INFO = INCLUDE_SOURCE;
				MTL_FAST_MATH = YES;
				ONLY_ACTIVE_ARCH = YES;
				SDKROOT = iphoneos;
				SWIFT_ACTIVE_COMPILATION_CONDITIONS = DEBUG;
				SWIFT_OPTIMIZATION_LEVEL = "-Onone";
			};
			name = Debug;
		};
		A6E3AA8E26F71DD700C1239D /* Release */ = {
			isa = XCBuildConfiguration;
			buildSettings = {
				ALWAYS_SEARCH_USER_PATHS = NO;
				CLANG_ANALYZER_NONNULL = YES;
				CLANG_ANALYZER_NUMBER_OBJECT_CONVERSION = YES_AGGRESSIVE;
				CLANG_CXX_LANGUAGE_STANDARD = "gnu++14";
				CLANG_CXX_LIBRARY = "libc++";
				CLANG_ENABLE_MODULES = YES;
				CLANG_ENABLE_OBJC_ARC = YES;
				CLANG_ENABLE_OBJC_WEAK = YES;
				CLANG_WARN_BLOCK_CAPTURE_AUTORELEASING = YES;
				CLANG_WARN_BOOL_CONVERSION = YES;
				CLANG_WARN_COMMA = YES;
				CLANG_WARN_CONSTANT_CONVERSION = YES;
				CLANG_WARN_DEPRECATED_OBJC_IMPLEMENTATIONS = YES;
				CLANG_WARN_DIRECT_OBJC_ISA_USAGE = YES_ERROR;
				CLANG_WARN_DOCUMENTATION_COMMENTS = YES;
				CLANG_WARN_EMPTY_BODY = YES;
				CLANG_WARN_ENUM_CONVERSION = YES;
				CLANG_WARN_INFINITE_RECURSION = YES;
				CLANG_WARN_INT_CONVERSION = YES;
				CLANG_WARN_NON_LITERAL_NULL_CONVERSION = YES;
				CLANG_WARN_OBJC_IMPLICIT_RETAIN_SELF = YES;
				CLANG_WARN_OBJC_LITERAL_CONVERSION = YES;
				CLANG_WARN_OBJC_ROOT_CLASS = YES_ERROR;
				CLANG_WARN_QUOTED_INCLUDE_IN_FRAMEWORK_HEADER = YES;
				CLANG_WARN_RANGE_LOOP_ANALYSIS = YES;
				CLANG_WARN_STRICT_PROTOTYPES = YES;
				CLANG_WARN_SUSPICIOUS_MOVE = YES;
				CLANG_WARN_UNGUARDED_AVAILABILITY = YES_AGGRESSIVE;
				CLANG_WARN_UNREACHABLE_CODE = YES;
				CLANG_WARN__DUPLICATE_METHOD_MATCH = YES;
				COPY_PHASE_STRIP = NO;
				DEBUG_INFORMATION_FORMAT = "dwarf-with-dsym";
				ENABLE_NS_ASSERTIONS = NO;
				ENABLE_STRICT_OBJC_MSGSEND = YES;
				GCC_C_LANGUAGE_STANDARD = gnu11;
				GCC_NO_COMMON_BLOCKS = YES;
				GCC_WARN_64_TO_32_BIT_CONVERSION = YES;
				GCC_WARN_ABOUT_RETURN_TYPE = YES_ERROR;
				GCC_WARN_UNDECLARED_SELECTOR = YES;
				GCC_WARN_UNINITIALIZED_AUTOS = YES_AGGRESSIVE;
				GCC_WARN_UNUSED_FUNCTION = YES;
				GCC_WARN_UNUSED_VARIABLE = YES;
				IPHONEOS_DEPLOYMENT_TARGET = 14.5;
				MTL_ENABLE_DEBUG_INFO = NO;
				MTL_FAST_MATH = YES;
				SDKROOT = iphoneos;
				SWIFT_COMPILATION_MODE = wholemodule;
				SWIFT_OPTIMIZATION_LEVEL = "-O";
				VALIDATE_PRODUCT = YES;
			};
			name = Release;
		};
		A6E3AA9026F71DD700C1239D /* Debug */ = {
			isa = XCBuildConfiguration;
			buildSettings = {
				ASSETCATALOG_COMPILER_APPICON_NAME = AppIcon;
				ASSETCATALOG_COMPILER_GLOBAL_ACCENT_COLOR_NAME = AccentColor;
				CODE_SIGN_STYLE = Automatic;
				DEVELOPMENT_ASSET_PATHS = "\"Africa/Preview Content\"";
				DEVELOPMENT_TEAM = 8P82DXK79N;
				ENABLE_PREVIEWS = YES;
				INFOPLIST_FILE = Africa/Info.plist;
				IPHONEOS_DEPLOYMENT_TARGET = 14.0;
				LD_RUNPATH_SEARCH_PATHS = (
					"$(inherited)",
					"@executable_path/Frameworks",
				);
				PRODUCT_BUNDLE_IDENTIFIER = com.nicdeane.Africa;
				PRODUCT_NAME = "$(TARGET_NAME)";
				SWIFT_VERSION = 5.0;
				TARGETED_DEVICE_FAMILY = "1,2";
			};
			name = Debug;
		};
		A6E3AA9126F71DD700C1239D /* Release */ = {
			isa = XCBuildConfiguration;
			buildSettings = {
				ASSETCATALOG_COMPILER_APPICON_NAME = AppIcon;
				ASSETCATALOG_COMPILER_GLOBAL_ACCENT_COLOR_NAME = AccentColor;
				CODE_SIGN_STYLE = Automatic;
				DEVELOPMENT_ASSET_PATHS = "\"Africa/Preview Content\"";
				DEVELOPMENT_TEAM = 8P82DXK79N;
				ENABLE_PREVIEWS = YES;
				INFOPLIST_FILE = Africa/Info.plist;
				IPHONEOS_DEPLOYMENT_TARGET = 14.0;
				LD_RUNPATH_SEARCH_PATHS = (
					"$(inherited)",
					"@executable_path/Frameworks",
				);
				PRODUCT_BUNDLE_IDENTIFIER = com.nicdeane.Africa;
				PRODUCT_NAME = "$(TARGET_NAME)";
				SWIFT_VERSION = 5.0;
				TARGETED_DEVICE_FAMILY = "1,2";
			};
			name = Release;
		};
/* End XCBuildConfiguration section */

/* Begin XCConfigurationList section */
		A6E3AA7B26F71DD600C1239D /* Build configuration list for PBXProject "Africa" */ = {
			isa = XCConfigurationList;
			buildConfigurations = (
				A6E3AA8D26F71DD700C1239D /* Debug */,
				A6E3AA8E26F71DD700C1239D /* Release */,
			);
			defaultConfigurationIsVisible = 0;
			defaultConfigurationName = Release;
		};
		A6E3AA8F26F71DD700C1239D /* Build configuration list for PBXNativeTarget "Africa" */ = {
			isa = XCConfigurationList;
			buildConfigurations = (
				A6E3AA9026F71DD700C1239D /* Debug */,
				A6E3AA9126F71DD700C1239D /* Release */,
			);
			defaultConfigurationIsVisible = 0;
			defaultConfigurationName = Release;
		};
/* End XCConfigurationList section */
	};
	rootObject = A6E3AA7826F71DD600C1239D /* Project object */;
}
